
Microsoft Visual Studio Solution File, Format Version 12.00
# Visual Studio Version 16
VisualStudioVersion = 16.0.32106.194
MinimumVisualStudioVersion = 10.0.40219.1
Project("{E24C65DC-7377-472B-9ABA-BC803B73C61A}") = "325673093", ".", "{A512E2FE-24A8-4974-B114-09AE7F625BAC}"
	ProjectSection(WebsiteProperties) = preProject
		TargetFrameworkMoniker = ".NETFramework,Version%3Dv3.5"
		Debug.AspNetCompiler.VirtualPath = "/localhost_55963"
		Debug.AspNetCompiler.PhysicalPath = "..\325673093\"
		Debug.AspNetCompiler.TargetPath = "PrecompiledWeb\localhost_55963\"
		Debug.AspNetCompiler.Updateable = "true"
		Debug.AspNetCompiler.ForceOverwrite = "true"
		Debug.AspNetCompiler.FixedNames = "false"
		Debug.AspNetCompiler.Debug = "True"
		Release.AspNetCompiler.VirtualPath = "/localhost_55963"
		Release.AspNetCompiler.PhysicalPath = "..\325673093\"
		Release.AspNetCompiler.TargetPath = "PrecompiledWeb\localhost_55963\"
		Release.AspNetCompiler.Updateable = "true"
		Release.AspNetCompiler.ForceOverwrite = "true"
		Release.AspNetCompiler.FixedNames = "false"
		Release.AspNetCompiler.Debug = "False"
		VWDPort = "55963"
		SlnRelativePath = "..\325673093\"
	EndProjectSection
EndProject
Project("{E24C65DC-7377-472B-9ABA-BC803B73C61A}") = "wsGame", "..\..\..\..\..\..\..\Project12\1\wsGame\", "{BB9ABF6F-1DCA-4D42-B520-FC2F62AD4A62}"
	ProjectSection(WebsiteProperties) = preProject
		TargetFrameworkMoniker = ".NETFramework,Version%3Dv3.5"
		Debug.AspNetCompiler.VirtualPath = "/localhost_62628"
		Debug.AspNetCompiler.PhysicalPath = "..\..\..\..\..\..\..\Project12\1\wsGame\"
		Debug.AspNetCompiler.TargetPath = "PrecompiledWeb\localhost_62628\"
		Debug.AspNetCompiler.Updateable = "true"
		Debug.AspNetCompiler.ForceOverwrite = "true"
		Debug.AspNetCompiler.FixedNames = "false"
		Debug.AspNetCompiler.Debug = "True"
		Release.AspNetCompiler.VirtualPath = "/localhost_62628"
		Release.AspNetCompiler.PhysicalPath = "..\..\..\..\..\..\..\Project12\1\wsGame\"
		Release.AspNetCompiler.TargetPath = "PrecompiledWeb\localhost_62628\"
		Release.AspNetCompiler.Updateable = "true"
		Release.AspNetCompiler.ForceOverwrite = "true"
		Release.AspNetCompiler.FixedNames = "false"
		Release.AspNetCompiler.Debug = "False"
		VWDPort = "62628"
		SlnRelativePath = "..\..\..\..\..\..\..\Project12\1\wsGame\"
	EndProjectSection
EndProject
Global
	GlobalSection(SolutionConfigurationPlatforms) = preSolution
		Debug|Any CPU = Debug|Any CPU
	EndGlobalSection
	GlobalSection(ProjectConfigurationPlatforms) = postSolution
		{A512E2FE-24A8-4974-B114-09AE7F625BAC}.Debug|Any CPU.ActiveCfg = Debug|Any CPU
		{A512E2FE-24A8-4974-B114-09AE7F625BAC}.Debug|Any CPU.Build.0 = Debug|Any CPU
		{BB9ABF6F-1DCA-4D42-B520-FC2F62AD4A62}.Debug|Any CPU.ActiveCfg = Debug|Any CPU
		{BB9ABF6F-1DCA-4D42-B520-FC2F62AD4A62}.Debug|Any CPU.Build.0 = Debug|Any CPU
	EndGlobalSection
	GlobalSection(SolutionProperties) = preSolution
		HideSolutionNode = FALSE
	EndGlobalSection
	GlobalSection(ExtensibilityGlobals) = postSolution
		SolutionGuid = {47063629-5969-4665-B27D-9895DD786511}
	EndGlobalSection
EndGlobal
